
Microsoft Visual Studio Solution File, Format Version 12.00
# Visual Studio 15
VisualStudioVersion = 15.0.27128.1
MinimumVisualStudioVersion = 10.0.40219.1
Project("{FAE04EC0-301F-11D3-BF4B-00C04F79EFBC}") = "forms", "src\forms\forms.csproj", "{7EE78D44-5CEE-47E4-BB5C-50032494A573}"
EndProject
Project("{9A19103F-16F7-4668-BE54-9A1E7A4F7556}") = "core", "src\core\core.csproj", "{31B21DA6-D7D4-4EF7-B108-992C3590CA46}"
EndProject
Project("{9A19103F-16F7-4668-BE54-9A1E7A4F7556}") = "netexe", "src\netexe\netexe.csproj", "{A20C07FA-2591-4A7E-AAAA-6C8F9ADECFEE}"
EndProject
Global
	GlobalSection(SolutionConfigurationPlatforms) = preSolution
		Debug|Any CPU = Debug|Any CPU
		Release|Any CPU = Release|Any CPU
	EndGlobalSection
	GlobalSection(ProjectConfigurationPlatforms) = postSolution
		{7EE78D44-5CEE-47E4-BB5C-50032494A573}.Debug|Any CPU.ActiveCfg = Debug|Any CPU
		{7EE78D44-5CEE-47E4-BB5C-50032494A573}.Debug|Any CPU.Build.0 = Debug|Any CPU
		{7EE78D44-5CEE-47E4-BB5C-50032494A573}.Release|Any CPU.ActiveCfg = Release|Any CPU
		{7EE78D44-5CEE-47E4-BB5C-50032494A573}.Release|Any CPU.Build.0 = Release|Any CPU
		{31B21DA6-D7D4-4EF7-B108-992C3590CA46}.Debug|Any CPU.ActiveCfg = Debug|Any CPU
		{31B21DA6-D7D4-4EF7-B108-992C3590CA46}.Debug|Any CPU.Build.0 = Debug|Any CPU
		{31B21DA6-D7D4-4EF7-B108-992C3590CA46}.Release|Any CPU.ActiveCfg = Release|Any CPU
		{31B21DA6-D7D4-4EF7-B108-992C3590CA46}.Release|Any CPU.Build.0 = Release|Any CPU
	EndGlobalSection
	GlobalSection(SolutionProperties) = preSolution
		HideSolutionNode = FALSE
	EndGlobalSection
	GlobalSection(ExtensibilityGlobals) = postSolution
		SolutionGuid = {A5218F56-BFF7-44BF-8036-130BE53AABF7}
	EndGlobalSection
EndGlobal
